<?xml version="1.0" encoding="UTF-8" standalone="yes" ?>
<CodeBlocks_project_file>
	<FileVersion major="1" minor="6" />
	<Project>
		<Option title="ippsp" />
		<Option pch_mode="2" />
		<Option default_target="dbgsan" />
		<Option compiler="gcc" />
		<Build>
			<Target title="grb">
				<Option output="bin/dbg/ippsp" prefix_auto="1" extension_auto="1" />
				<Option object_output="obj/dbg/" />
				<Option type="1" />
				<Option compiler="gcc" />
				<Option parameters="../in/mrcpsp/j30.mm/ j3013_1.mm j3013_1.sol 100  1 37  -mrcpsp  -continuous 1 -cutRR 1 -cutPREC 1  -cutCLIQUE 1 -cutODDHOLES 1 -cutCGCPU 1  -maxcuts 0.2 -maxReducedCost 0 -slack 0.5 -lifting 1  -maxinstant 50 -jump 5 -filename results.txt" />
				<Compiler>
					<Add option="-std=c99" />
					<Add option="-pg" />
					<Add option="-g" />
					<Add option="-fopenmp" />
					<Add option="-no-pie" />
					<Add option="-DDEBUG" />
					<Add option="-DGRB" />
					<Add directory="include" />
					<Add directory="../src" />
					<Add directory="../../../../../../../opt/gurobi800/linux64/include" />
				</Compiler>
				<Linker>
					<Add option="-pg" />
					<Add option="-fopenmp" />
					<Add option="-no-pie" />
					<Add library="../../../../../../../opt/gurobi800/linux64/lib/libgurobi80.so" />
					<Add library="pthread" />
					<Add library="../../../../../../../opt/gurobi800/linux64/lib/libgurobi_c++.a" />
					<Add library="../../../../../../../opt/gurobi800/linux64/lib/libgurobi_g++5.2.a" />
					<Add directory="../../../../../../../opt/gurobi800/linux64/lib" />
				</Linker>
			</Target>
			<Target title="cbc">
				<Option output="bin/opt/ippsp" prefix_auto="1" extension_auto="1" />
				<Option object_output="obj/opt/" />
				<Option type="1" />
				<Option compiler="gcc" />
				<Option parameters="../in/mmrcmpsp/ A-4.txt A-4.sol 100  65 42  -mmrcmpsp -continuous 1 -cutRR 1 -cutCLIQUE 1 -cutPREC 1 -cutODDHOLES 1  -cutCGGPUR2 1 -filename results.txt   -maxcuts 0.2 -maxReducedCost 0 -slack 0.5 -lifting 1 -maxinstant 10 -jump 5" />
				<Compiler>
					<Add option="-O2" />
					<Add option="-std=c99" />
					<Add option="-pg" />
					<Add option="-g" />
					<Add option="-fopenmp" />
					<Add option="`pkg-config --cflags cbc`" />
					<Add option="-DDEBUG" />
					<Add option="-DCBC" />
					<Add directory="include" />
					<Add directory="../src" />
				</Compiler>
				<Linker>
					<Add option="-pg" />
					<Add option="-fopenmp" />
					<Add option="`pkg-config --libs cbc`" />
					<Add library="pthread" />
				</Linker>
			</Target>
			<Target title="cbcasan">
				<Option output="bin/opt/ippsp" prefix_auto="1" extension_auto="1" />
				<Option object_output="obj/opt/" />
				<Option type="1" />
				<Option compiler="clang" />
				<Option parameters="../in/mmrcmpsp/ A-4.txt A-4.sol 100  65 42  -mmrcmpsp -continuous 1 -cutRR 1 -cutCLIQUE 1 -cutPREC 1 -cutODDHOLES 1  -cutCGGPUR2 1 -filename results.txt   -maxcuts 0.2 -maxReducedCost 0 -slack 0.5 -lifting 1 -maxinstant 10 -jump 5" />
				<Compiler>
					<Add option="-fsanitize=thread" />
					<Add option="-O2" />
					<Add option="-Wall" />
					<Add option="-fopenmp" />
					<Add option="`pkg-config --cflags cbc`" />
					<Add option="-DDEBUG" />
					<Add option="-DCBC" />
					<Add directory="include" />
					<Add directory="../src" />
				</Compiler>
				<Linker>
					<Add option="-fsanitize=thread" />
					<Add option="-fopenmp" />
					<Add option="`pkg-config --libs cbc`" />
					<Add library="pthread" />
				</Linker>
			</Target>
			<Target title="grbasan">
				<Option output="bin/opt/ippsp" prefix_auto="1" extension_auto="1" />
				<Option object_output="obj/opt/" />
				<Option type="1" />
				<Option compiler="clang" />
				<Option parameters="../in/mmrcmpsp/ A-4.txt A-4_newcccgraph.sol 300  65 42 -mmrcmpsp  -continuous 1  -cutRR 1 -cutPREC 1 -cutCLIQUE 1 -cutODDHOLES 1  -cutCG 1 -maxcuts 0.2 -maxReducedCost 0 -slack 0.5 -lifting 1 -maxinstant 50 -jump 5 -filename results.txt" />
				<Compiler>
					<Add option="-fsanitize=thread" />
					<Add option="-fsanitize=undefined-trap -fsanitize-undefined-trap-on-error" />
					<Add option="-Wall" />
					<Add option="-g" />
					<Add option="-fopenmp" />
					<Add option="-DDEBUG" />
					<Add option="-DGRB" />
					<Add directory="include" />
					<Add directory="../src" />
					<Add directory="../../../../../../../opt/gurobi800/linux64/include" />
				</Compiler>
				<Linker>
					<Add option="-fsanitize=thread" />
					<Add option="-fopenmp=libomp" />
					<Add library="../../../../../../../opt/gurobi800/linux64/lib/libgurobi80.so" />
					<Add library="pthread" />
					<Add library="../../../../../../../opt/gurobi800/linux64/lib/libgurobi_c++.a" />
					<Add library="../../../../../../../opt/gurobi800/linux64/lib/libgurobi_g++5.2.a" />
					<Add directory="../../../../../../../opt/gurobi800/linux64/lib" />
				</Linker>
			</Target>
			<Target title="dbg">
				<Option output="bin/dbg/ippsp" prefix_auto="1" extension_auto="1" />
				<Option object_output="obj/dbg/" />
				<Option type="1" />
				<Option compiler="gcc" />
				<Option parameters="../in/mmrcmpsp/ A-4.txt A-4_set.sol 100  65 42  -mmrcmpsp  -mrcpsp  -continuous 1 -cutRR 1 -cutPREC 1  -cutCLIQUE 1 -cutODDHOLES 1 -cutCG 1 -maxcuts 0.2 -maxReducedCost 0 -slack 0.5 -lifting 1  -maxinstant 50 -jump 5 -filename results.txt" />
				<Compiler>
					<Add option="-O3" />
					<Add option="-std=c99" />
					<Add option="-pg" />
					<Add option="-g" />
					<Add option="-lpthread" />
					<Add option="-fopenmp" />
					<Add option="-DDEBUG" />
					<Add option="-DCPX" />
					<Add directory="include" />
					<Add directory="../src" />
					<Add directory="../../../../../../../opt/ibm/ILOG/CPLEX_Studio1271/cplex/include/ilcplex" />
				</Compiler>
				<Linker>
					<Add option="-pg" />
					<Add option="-lpthread" />
					<Add option="-fopenmp" />
					<Add library="../../../../../../../opt/ibm/ILOG/CPLEX_Studio1271/cplex/bin/x86-64_linux/libcplex1271.so" />
					<Add library="pthread" />
					<Add directory="../../../../../../../opt/ibm/ILOG/CPLEX_Studio1271/cplex/lib/x86-64_linux/static_pic" />
				</Linker>
			</Target>
			<Target title="opt">
				<Option output="bin/opt/ippspcpx" prefix_auto="1" extension_auto="1" />
				<Option object_output="obj/opt/" />
				<Option type="1" />
				<Option compiler="gcc" />
				<Option parameters="../in/rcpsp/j120.sm/ j12012_2.sm 12012_2.sol 3600 45 -continuous 1 -rcpsp -filename results.txt -cutRR 1 -cutPREC 1 -cutCLIQUE 1 -cutODDHOLES 1 -cutCGGPUR2 1 -maxcuts 0.2 -maxReducedCost 0 -slack 0.5 -lifting 1 -maxinstant 10 -jump 5" />
				<Compiler>
					<Add option="-O2" />
					<Add option="-std=c99" />
					<Add option="-pg" />
					<Add option="-g" />
					<Add option="-lpthread" />
					<Add option="-fopenmp" />
					<Add option="-DNDEBUG" />
					<Add option="-DCPX" />
					<Add directory="include" />
					<Add directory="../src" />
					<Add directory="/opt/ibm/ILOG/CPLEX_Studio1263/cplex/include/ilcplex/" />
				</Compiler>
				<Linker>
					<Add option="-pg" />
					<Add option="-lpthread" />
					<Add option="-fopenmp" />
					<Add library="pthread" />
					<Add library="cplex" />
					<Add directory="/opt/ibm/ILOG/CPLEX_Studio1263/cplex/lib/x86-64_linux/static_pic/" />
				</Linker>
			</Target>
			<Target title="dbgsan">
				<Option output="bin/dbg/ippspcbc" prefix_auto="1" extension_auto="1" />
				<Option object_output="obj/dbg/" />
				<Option type="1" />
				<Option compiler="clang" />
				<Option parameters="../in/mrcpsp/j30.mm/ j3013_1.mm j3013_1.sol 100  1 37  -mrcpsp  -continuous 1 -cutRR 1 -cutPREC 1  -cutCLIQUE 1 -cutODDHOLES 1 -maxcuts 0.2 -maxReducedCost 0 -slack 0.5 -lifting 1  -maxinstant 50 -jump 5 -filename results.txt" />
				<Compiler>
					<Add option="-fsanitize=address" />
					<Add option="-ftrapv" />
					<Add option="-fsanitize=undefined-trap -fsanitize-undefined-trap-on-error" />
					<Add option="-g" />
					<Add option="-flto -fopenmp `pkg-config --cflags cbc`" />
					<Add option="-DDEBUG" />
					<Add option="-DCBC" />
					<Add directory="include" />
					<Add directory="../src" />
				</Compiler>
				<Linker>
					<Add option="-fsanitize=address" />
					<Add option="-fopenmp" />
					<Add option="`pkg-config --cflags cbc`" />
				</Linker>
			</Target>
			<Target title="dbgsanmem">
				<Option output="bin/dbg/ippspcbcasan" prefix_auto="1" extension_auto="1" />
				<Option object_output="obj/dbg/" />
				<Option type="1" />
				<Option compiler="clang" />
				<Option parameters="../in/mrcpsp/j30.mm/ j3013_2.mm j3013_2.sol 10 13 -mrcpsp -continuous 1 -slack 0.5 -lifting 1 -maxcuts 0.2  -maxReducedCost 0    -cutCG 1 -cutRR 1 -cutCLIQUE 1 -cutPREC 1 -maxinstant 10 -jump 5" />
				<Compiler>
					<Add option="-fsanitize=address" />
					<Add option="-Wall" />
					<Add option="-m64" />
					<Add option="-g" />
					<Add option="-flto -fopenmp" />
					<Add option="-DDEBUG" />
					<Add option="-DGRB" />
					<Add directory="include" />
					<Add directory="../src" />
				</Compiler>
				<Linker>
					<Add option="-fsanitize=address" />
					<Add option="-m64" />
					<Add option="-fopenmp" />
				</Linker>
			</Target>
			<Target title="dbgcbc">
				<Option output="bin/dbg/ippspcbc" prefix_auto="1" extension_auto="1" />
				<Option object_output="obj/dbg/" />
				<Option type="1" />
				<Option compiler="gcc" />
				<Option parameters="../in/rcpsp/j30.sm/ j301_1.sm j301_1.sol 70 ../sol/initSol/j301_1_init_1.sol 1  5  2 -rcpsp -continuous 1 -mrcpsp -continuous 1 -filename results_as_continuous_allcut_l_rc_0_128.txt -cutRR 1 -cutPREC 1 -cutCLIQUE 1 -maxReducedCost 0 -slack 0.5 -maxcuts 3000" />
				<Compiler>
					<Add option="-std=c99" />
					<Add option="-pg" />
					<Add option="-g" />
					<Add option="-fsanitize=address" />
					<Add option="-fopenmp" />
					<Add option="`pkg-config --cflags cbc`" />
					<Add option="-DDEBUG" />
					<Add option="-DCBC" />
					<Add directory="include" />
					<Add directory="../src" />
				</Compiler>
				<Linker>
					<Add option="-pg" />
					<Add option="-lasan" />
					<Add option="-fsanitize=address" />
					<Add option="`pkg-config --libs cbc`" />
					<Add option="-fopenmp" />
				</Linker>
			</Target>
			<Target title="cpxdbgasan">
				<Option output="bin/opt/ippsp" prefix_auto="1" extension_auto="1" />
				<Option object_output="obj/opt/" />
				<Option type="1" />
				<Option compiler="clang" />
				<Option parameters="../in/rcpsp/j120.sm/ j12013_2.sm  j12013_2.sol 8000 ../sol/initSol/j12013_2_init_1.sol 1 17 2 -continuous 1 -rcpsp -cutRR 1 -cutPREC 1 -cutCLIQUE 1 -slack 0.5 -lifting 1 -maxcuts 0.2  -maxReducedCost 0" />
				<Compiler>
					<Add option="-fsanitize=address" />
					<Add option="-Wall" />
					<Add option="-g" />
					<Add option="-pg" />
					<Add option="-fopenmp" />
					<Add option="-DDEBUG" />
					<Add option="-DCPX" />
					<Add directory="include" />
					<Add directory="../src" />
					<Add directory="../../../../../../../opt/ibm/ILOG/CPLEX_Studio1271/cplex/include/ilcplex" />
				</Compiler>
				<Linker>
					<Add option="-fsanitize=address" />
					<Add option="-pg" />
					<Add option="-fopenmp" />
					<Add library="cplex" />
					<Add directory="../../../../../../../opt/ibm/ILOG/CPLEX_Studio1271/cplex/lib/x86-64_linux/static_pic" />
				</Linker>
			</Target>
			<Target title="cpxdbg">
				<Option output="bin/opt/ippspcpx" prefix_auto="1" extension_auto="1" />
				<Option object_output="obj/opt/" />
				<Option type="1" />
				<Option compiler="clang" />
				<Option parameters="../in/mmrcmpsp/ A-5.txt A-5.sol 100 152 103 -continuous 1 -mmrcmpsp -filename results.txt -cutRR 1 -cutPREC 1 -cutCLIQUE 1 -cutODDHOLES 1 -cutCGGPUR2 1 -maxcuts 0.2 -maxReducedCost 0 -slack 0.5 -lifting 1 -maxinstant 10 -jump 5 " />
				<Compiler>
					<Add option="-fsanitize=address" />
					<Add option="-Wall" />
					<Add option="-g" />
					<Add option="-std=c99" />
					<Add option="-pg" />
					<Add option="-fopenmp" />
					<Add option="-DDEBUG" />
					<Add option="-DCPX" />
					<Add directory="include" />
					<Add directory="../src" />
					<Add directory="../../../../../../../opt/ibm/ILOG/CPLEX_Studio1271/cplex/include/ilcplex" />
				</Compiler>
				<Linker>
					<Add option="-fsanitize=address" />
					<Add option="-pg" />
					<Add option="-fopenmp=libomp" />
					<Add library="cplex" />
					<Add directory="../../../../../../../opt/ibm/ILOG/CPLEX_Studio1271/cplex/lib/x86-64_linux/static_pic" />
				</Linker>
			</Target>
		</Build>
		<Compiler>
			<Add option="-Wall" />
		</Compiler>
		<Unit filename="BKGraph.cpp" />
		<Unit filename="BKGraph.hpp" />
		<Unit filename="BKVertex.cpp" />
		<Unit filename="BKVertex.hpp" />
		<Unit filename="bron_kerbosch.cpp" />
		<Unit filename="bron_kerbosch.h" />
		<Unit filename="build_cgraph.cpp" />
		<Unit filename="build_cgraph.h" />
		<Unit filename="cgraph.c">
			<Option compilerVar="CC" />
		</Unit>
		<Unit filename="cgraph.h" />
		<Unit filename="clique.c">
			<Option compilerVar="CC" />
		</Unit>
		<Unit filename="clique.h" />
		<Unit filename="clique_elite_set.c">
			<Option compilerVar="CC" />
		</Unit>
		<Unit filename="clique_elite_set.h" />
		<Unit filename="clique_extender.c">
			<Option compilerVar="CC" />
		</Unit>
		<Unit filename="clique_extender.h" />
		<Unit filename="clique_separation.c">
			<Option compilerVar="CC" />
		</Unit>
		<Unit filename="clique_separation.h" />
		<Unit filename="containers.c">
			<Option compilerVar="CC" />
		</Unit>
		<Unit filename="containers.h" />
		<Unit filename="cut_cg.c">
			<Option compilerVar="CC" />
		</Unit>
		<Unit filename="cut_cg.h" />
		<Unit filename="cut_clique.c">
			<Option compilerVar="CC" />
		</Unit>
		<Unit filename="cut_clique.h" />
		<Unit filename="cut_cover.c">
			<Option compilerVar="CC" />
		</Unit>
		<Unit filename="cut_cover.h" />
		<Unit filename="cut_gpu.c">
			<Option compilerVar="CC" />
		</Unit>
		<Unit filename="cut_gpu.h" />
		<Unit filename="cut_jobset.c">
			<Option compilerVar="CC" />
		</Unit>
		<Unit filename="cut_jobset.h" />
		<Unit filename="cut_oddholes.c">
			<Option compilerVar="CC" />
		</Unit>
		<Unit filename="cut_oddholes.h" />
		<Unit filename="cut_pool.c">
			<Option compilerVar="CC" />
		</Unit>
		<Unit filename="cut_pool.h" />
		<Unit filename="cut_precedence.c">
			<Option compilerVar="CC" />
		</Unit>
		<Unit filename="cut_precedence.h" />
		<Unit filename="dict_int.c">
			<Option compilerVar="CC" />
		</Unit>
		<Unit filename="dict_int.h" />
		<Unit filename="digraph.h" />
		<Unit filename="gCut_gpu.cu" />
		<Unit filename="gCut_gpu.cuh" />
		<Unit filename="gSolutionGpu.cu" />
		<Unit filename="gSolutionGpu.cuh" />
		<Unit filename="instance.c">
			<Option compilerVar="CC" />
		</Unit>
		<Unit filename="instance.h" />
		<Unit filename="ippsp.c">
			<Option compilerVar="CC" />
		</Unit>
		<Unit filename="lp.cpp" />
		<Unit filename="lp.h" />
		<Unit filename="macros.h" />
		<Unit filename="memory.c">
			<Option compilerVar="CC" />
		</Unit>
		<Unit filename="memory.h" />
		<Unit filename="mip_compact.c">
			<Option compilerVar="CC" />
		</Unit>
		<Unit filename="mip_compact.h" />
		<Unit filename="mode_set.c">
			<Option compilerVar="CC" />
		</Unit>
		<Unit filename="mode_set.h" />
		<Unit filename="ms_solver_mip.c">
			<Option compilerVar="CC" />
		</Unit>
		<Unit filename="ms_solver_mip.h" />
		<Unit filename="node_heap.c">
			<Option compilerVar="CC" />
		</Unit>
		<Unit filename="node_heap.h" />
		<Unit filename="oddhs.c">
			<Option compilerVar="CC" />
		</Unit>
		<Unit filename="oddhs.h" />
		<Unit filename="parameters.c">
			<Option compilerVar="CC" />
		</Unit>
		<Unit filename="parameters.h" />
		<Unit filename="prepareCPU.c">
			<Option compilerVar="CC" />
		</Unit>
		<Unit filename="prepareCPU.h" />
		<Unit filename="prepareGpu.cu" />
		<Unit filename="prepareGpu.h" />
		<Unit filename="results.c">
			<Option compilerVar="CC" />
		</Unit>
		<Unit filename="results.h" />
		<Unit filename="rrusage.c">
			<Option compilerVar="CC" />
		</Unit>
		<Unit filename="rrusage.h" />
		<Unit filename="solution.c">
			<Option compilerVar="CC" />
		</Unit>
		<Unit filename="solution.h" />
		<Unit filename="solutionGpu.c">
			<Option compilerVar="CC" />
		</Unit>
		<Unit filename="solutionGpu.h" />
		<Unit filename="spaths.c">
			<Option compilerVar="CC" />
		</Unit>
		<Unit filename="spaths.h" />
		<Unit filename="stack.c">
			<Option compilerVar="CC" />
		</Unit>
		<Unit filename="stack.h" />
		<Unit filename="str_utils.c">
			<Option compilerVar="CC" />
		</Unit>
		<Unit filename="str_utils.h" />
		<Unit filename="tokenizer.c">
			<Option compilerVar="CC" />
		</Unit>
		<Unit filename="tokenizer.h" />
		<Unit filename="top_sort.c">
			<Option compilerVar="CC" />
		</Unit>
		<Unit filename="top_sort.h" />
		<Unit filename="vec_char.c">
			<Option compilerVar="CC" />
		</Unit>
		<Unit filename="vec_char.h" />
		<Unit filename="vec_double.c">
			<Option compilerVar="CC" />
		</Unit>
		<Unit filename="vec_double.h" />
		<Unit filename="vec_int.c">
			<Option compilerVar="CC" />
		</Unit>
		<Unit filename="vec_int.h" />
		<Unit filename="vec_str.c">
			<Option compilerVar="CC" />
		</Unit>
		<Unit filename="vec_str.h" />
		<Unit filename="vectormgm.c">
			<Option compilerVar="CC" />
		</Unit>
		<Unit filename="vectormgm.h" />
		<Unit filename="vint_queue.c">
			<Option compilerVar="CC" />
		</Unit>
		<Unit filename="vint_queue.h" />
		<Unit filename="vint_set.c">
			<Option compilerVar="CC" />
		</Unit>
		<Unit filename="vint_set.h" />
		<Extensions>
			<code_completion />
			<envvars />
			<debugger />
			<editor_config active="1" use_tabs="0" tab_indents="1" tab_width="4" indent="4" eol_mode="0" />
		</Extensions>
	</Project>
</CodeBlocks_project_file>
