<?xml version="1.0" encoding="UTF-8" standalone="yes" ?>
<CodeBlocks_project_file>
	<FileVersion major="1" minor="6" />
	<Project>
		<Option title="lsdvnd" />
		<Option pch_mode="2" />
		<Option compiler="gcc" />
		<Build>
			<Target title="dbg">
				<Option output="bin/dbg/lsdvnd" prefix_auto="1" extension_auto="1" />
				<Option object_output="obj/dbg/" />
				<Option type="1" />
				<Option compiler="gcc" />
				<Option parameters="../in/ A-10.txt A-10.sol 1 30 ../sol/initSol/A-10_init.sol " />
				<Compiler>
					<Add option="-O2" />
					<Add option="-pg" />
					<Add option="-g" />
					<Add option="-fopenmp" />
					<Add option="-DDEBUG" />
					<Add directory="include" />
					<Add directory="../src" />
				</Compiler>
				<Linker>
					<Add option="-pg" />
					<Add option="-fopenmp" />
					<Add option="-lpthread" />
				</Linker>
			</Target>
			<Target title="opt">
				<Option output="bin/opt/lsdvnd" prefix_auto="1" extension_auto="1" />
				<Option object_output="obj/opt/" />
				<Option type="1" />
				<Option compiler="gcc" />
				<Option parameters="../in/ A-10.txt A-10.sol 0 300 ../sol/initSol/A-10_init.sol" />
				<Compiler>
					<Add option="-O2" />
					<Add option="-pg" />
					<Add option="-g" />
					<Add option="-flto" />
					<Add option="-lstdc++" />
					<Add option="-lgcc" />
					<Add option="-fopenmp" />
					<Add option="-lpthread" />
					<Add option="-DNDEBUG" />
					<Add directory="include" />
					<Add directory="../src" />
				</Compiler>
				<Linker>
					<Add option="-pg" />
					<Add option="-flto" />
					<Add option="-lstdc++" />
					<Add option="-lgcc" />
					<Add option="-fopenmp" />
					<Add option="-lpthread" />
				</Linker>
			</Target>
		</Build>
		<Compiler>
			<Add option="-Wall" />
			<Add option="-std=c99" />
		</Compiler>
		<Unit filename="instance.c">
			<Option compilerVar="CC" />
		</Unit>
		<Unit filename="instance.h" />
		<Unit filename="learning.c">
			<Option compilerVar="CC" />
		</Unit>
		<Unit filename="learning.h" />
		<Unit filename="list_int.c">
			<Option compilerVar="CC" />
		</Unit>
		<Unit filename="list_int.h" />
		<Unit filename="long_compl_path.c">
			<Option compilerVar="CC" />
		</Unit>
		<Unit filename="long_compl_path.h" />
		<Unit filename="lsdvnd.c">
			<Option compilerVar="CC" />
		</Unit>
		<Unit filename="macros.h" />
		<Unit filename="memory.c">
			<Option compilerVar="CC" />
		</Unit>
		<Unit filename="memory.h" />
		<Unit filename="mode_set.c">
			<Option compilerVar="CC" />
		</Unit>
		<Unit filename="mode_set.h" />
		<Unit filename="neighborhood.c">
			<Option compilerVar="CC" />
		</Unit>
		<Unit filename="neighborhood.h" />
		<Unit filename="node_heap.c">
			<Option compilerVar="CC" />
		</Unit>
		<Unit filename="node_heap.h" />
		<Unit filename="rrusage.c">
			<Option compilerVar="CC" />
		</Unit>
		<Unit filename="rrusage.h" />
		<Unit filename="solution.c">
			<Option compilerVar="CC" />
		</Unit>
		<Unit filename="solution.h" />
		<Unit filename="str_utils.c">
			<Option compilerVar="CC" />
		</Unit>
		<Unit filename="str_utils.h" />
		<Unit filename="test.c">
			<Option compilerVar="CC" />
		</Unit>
		<Unit filename="test.h" />
		<Unit filename="tokenizer.c">
			<Option compilerVar="CC" />
		</Unit>
		<Unit filename="tokenizer.h" />
		<Unit filename="top_sort.c">
			<Option compilerVar="CC" />
		</Unit>
		<Unit filename="top_sort.h" />
		<Unit filename="vec_char.c">
			<Option compilerVar="CC" />
		</Unit>
		<Unit filename="vec_char.h" />
		<Unit filename="vec_int.c">
			<Option compilerVar="CC" />
		</Unit>
		<Unit filename="vec_int.h" />
		<Unit filename="vec_str.c">
			<Option compilerVar="CC" />
		</Unit>
		<Unit filename="vec_str.h" />
		<Unit filename="vnd.c">
			<Option compilerVar="CC" />
		</Unit>
		<Unit filename="vnd.h" />
		<Extensions>
			<code_completion />
			<envvars />
			<debugger />
			<editor_config active="1" use_tabs="0" tab_indents="1" tab_width="4" indent="4" eol_mode="0" />
			<DoxyBlocks>
				<comment_style block="0" line="0" />
				<doxyfile_project />
				<doxyfile_build />
				<doxyfile_warnings />
				<doxyfile_output html="0" />
				<doxyfile_dot />
				<general />
			</DoxyBlocks>
		</Extensions>
	</Project>
</CodeBlocks_project_file>
